
Microsoft Visual Studio Solution File, Format Version 12.00
# Visual Studio Version 17
VisualStudioVersion = 17.13.35931.197 d17.13
MinimumVisualStudioVersion = 10.0.40219.1
Project("{FAE04EC0-301F-11D3-BF4B-00C04F79EFBC}") = "Wform02092025", "Wform02092025\Wform02092025.csproj", "{46E3C99A-1E58-45AB-8930-E7EA55C6171A}"
EndProject
Global
	GlobalSection(SolutionConfigurationPlatforms) = preSolution
		Debug|Any CPU = Debug|Any CPU
		Release|Any CPU = Release|Any CPU
	EndGlobalSection
	GlobalSection(ProjectConfigurationPlatforms) = postSolution
		{46E3C99A-1E58-45AB-8930-E7EA55C6171A}.Debug|Any CPU.ActiveCfg = Debug|Any CPU
		{46E3C99A-1E58-45AB-8930-E7EA55C6171A}.Debug|Any CPU.Build.0 = Debug|Any CPU
		{46E3C99A-1E58-45AB-8930-E7EA55C6171A}.Release|Any CPU.ActiveCfg = Release|Any CPU
		{46E3C99A-1E58-45AB-8930-E7EA55C6171A}.Release|Any CPU.Build.0 = Release|Any CPU
	EndGlobalSection
	GlobalSection(SolutionProperties) = preSolution
		HideSolutionNode = FALSE
	EndGlobalSection
	GlobalSection(ExtensibilityGlobals) = postSolution
		SolutionGuid = {E6C27028-0E2F-42DA-A385-11EE893D8D41}
	EndGlobalSection
EndGlobal
