
Microsoft Visual Studio Solution File, Format Version 12.00
# Visual Studio Version 17
VisualStudioVersion = 17.14.36202.13 d17.14
MinimumVisualStudioVersion = 10.0.40219.1
Project("{FAE04EC0-301F-11D3-BF4B-00C04F79EFBC}") = "HII-DiegoBallesteros", "HII-DiegoBallesteros\HII-DiegoBallesteros.csproj", "{B420A628-F53B-4691-A6DA-1CD4C52CD2B9}"
EndProject
Global
	GlobalSection(SolutionConfigurationPlatforms) = preSolution
		Debug|Any CPU = Debug|Any CPU
		Release|Any CPU = Release|Any CPU
	EndGlobalSection
	GlobalSection(ProjectConfigurationPlatforms) = postSolution
		{B420A628-F53B-4691-A6DA-1CD4C52CD2B9}.Debug|Any CPU.ActiveCfg = Debug|Any CPU
		{B420A628-F53B-4691-A6DA-1CD4C52CD2B9}.Debug|Any CPU.Build.0 = Debug|Any CPU
		{B420A628-F53B-4691-A6DA-1CD4C52CD2B9}.Release|Any CPU.ActiveCfg = Release|Any CPU
		{B420A628-F53B-4691-A6DA-1CD4C52CD2B9}.Release|Any CPU.Build.0 = Release|Any CPU
	EndGlobalSection
	GlobalSection(SolutionProperties) = preSolution
		HideSolutionNode = FALSE
	EndGlobalSection
	GlobalSection(ExtensibilityGlobals) = postSolution
		SolutionGuid = {2C7E60FE-A9D6-4878-9FA4-ABC575B5A809}
	EndGlobalSection
EndGlobal
