
Microsoft Visual Studio Solution File, Format Version 12.00
# Visual Studio Version 17
VisualStudioVersion = 17.14.36202.13 d17.14
MinimumVisualStudioVersion = 10.0.40219.1
Project("{FAE04EC0-301F-11D3-BF4B-00C04F79EFBC}") = "EjercicioVec", "EjercicioVec\EjercicioVec.csproj", "{3326CE58-0AFF-4B98-9B35-02493937BFCD}"
EndProject
Global
	GlobalSection(SolutionConfigurationPlatforms) = preSolution
		Debug|Any CPU = Debug|Any CPU
		Release|Any CPU = Release|Any CPU
	EndGlobalSection
	GlobalSection(ProjectConfigurationPlatforms) = postSolution
		{3326CE58-0AFF-4B98-9B35-02493937BFCD}.Debug|Any CPU.ActiveCfg = Debug|Any CPU
		{3326CE58-0AFF-4B98-9B35-02493937BFCD}.Debug|Any CPU.Build.0 = Debug|Any CPU
		{3326CE58-0AFF-4B98-9B35-02493937BFCD}.Release|Any CPU.ActiveCfg = Release|Any CPU
		{3326CE58-0AFF-4B98-9B35-02493937BFCD}.Release|Any CPU.Build.0 = Release|Any CPU
	EndGlobalSection
	GlobalSection(SolutionProperties) = preSolution
		HideSolutionNode = FALSE
	EndGlobalSection
	GlobalSection(ExtensibilityGlobals) = postSolution
		SolutionGuid = {7F8E4A91-85E4-4839-994D-A8680E07484D}
	EndGlobalSection
EndGlobal
