
Microsoft Visual Studio Solution File, Format Version 12.00
# Visual Studio Version 17
VisualStudioVersion = 17.13.35931.197 d17.13
MinimumVisualStudioVersion = 10.0.40219.1
Project("{FAE04EC0-301F-11D3-BF4B-00C04F79EFBC}") = "RepasoArreglos", "RepasoArreglos\RepasoArreglos.csproj", "{AFAAAD6E-9259-4F34-BB48-6356F35184CD}"
EndProject
Global
	GlobalSection(SolutionConfigurationPlatforms) = preSolution
		Debug|Any CPU = Debug|Any CPU
		Release|Any CPU = Release|Any CPU
	EndGlobalSection
	GlobalSection(ProjectConfigurationPlatforms) = postSolution
		{AFAAAD6E-9259-4F34-BB48-6356F35184CD}.Debug|Any CPU.ActiveCfg = Debug|Any CPU
		{AFAAAD6E-9259-4F34-BB48-6356F35184CD}.Debug|Any CPU.Build.0 = Debug|Any CPU
		{AFAAAD6E-9259-4F34-BB48-6356F35184CD}.Release|Any CPU.ActiveCfg = Release|Any CPU
		{AFAAAD6E-9259-4F34-BB48-6356F35184CD}.Release|Any CPU.Build.0 = Release|Any CPU
	EndGlobalSection
	GlobalSection(SolutionProperties) = preSolution
		HideSolutionNode = FALSE
	EndGlobalSection
	GlobalSection(ExtensibilityGlobals) = postSolution
		SolutionGuid = {AE0DF939-4EFF-4DD6-942F-7A50D1A0E857}
	EndGlobalSection
EndGlobal
