
Microsoft Visual Studio Solution File, Format Version 12.00
# Visual Studio Version 17
VisualStudioVersion = 17.13.35931.197 d17.13
MinimumVisualStudioVersion = 10.0.40219.1
Project("{FAE04EC0-301F-11D3-BF4B-00C04F79EFBC}") = "Burbuja", "Burbuja\Burbuja.csproj", "{BA580A4A-BC72-4EC8-B2B1-04906384DA7C}"
EndProject
Global
	GlobalSection(SolutionConfigurationPlatforms) = preSolution
		Debug|Any CPU = Debug|Any CPU
		Release|Any CPU = Release|Any CPU
	EndGlobalSection
	GlobalSection(ProjectConfigurationPlatforms) = postSolution
		{BA580A4A-BC72-4EC8-B2B1-04906384DA7C}.Debug|Any CPU.ActiveCfg = Debug|Any CPU
		{BA580A4A-BC72-4EC8-B2B1-04906384DA7C}.Debug|Any CPU.Build.0 = Debug|Any CPU
		{BA580A4A-BC72-4EC8-B2B1-04906384DA7C}.Release|Any CPU.ActiveCfg = Release|Any CPU
		{BA580A4A-BC72-4EC8-B2B1-04906384DA7C}.Release|Any CPU.Build.0 = Release|Any CPU
	EndGlobalSection
	GlobalSection(SolutionProperties) = preSolution
		HideSolutionNode = FALSE
	EndGlobalSection
	GlobalSection(ExtensibilityGlobals) = postSolution
		SolutionGuid = {5605884D-C09B-4699-A9BF-F3DBE8C77814}
	EndGlobalSection
EndGlobal
